// !$*UTF8*$!
{
	archiveVersion = 1;
	classes = {
	};
	objectVersion = 50;
	objects = {

/* Begin PBXBuildFile section */
		3B2F5A0721F56E0900F78C52 /* AppDelegate.swift in Sources */ = {isa = PBXBuildFile; fileRef = 3B2F5A0621F56E0900F78C52 /* AppDelegate.swift */; };
		3B2F5A0C21F56E0900F78C52 /* Main.storyboard in Resources */ = {isa = PBXBuildFile; fileRef = 3B2F5A0A21F56E0900F78C52 /* Main.storyboard */; };
		3B2F5A0E21F56E0A00F78C52 /* Assets.xcassets in Resources */ = {isa = PBXBuildFile; fileRef = 3B2F5A0D21F56E0A00F78C52 /* Assets.xcassets */; };
		3B2F5A1121F56E0A00F78C52 /* LaunchScreen.storyboard in Resources */ = {isa = PBXBuildFile; fileRef = 3B2F5A0F21F56E0A00F78C52 /* LaunchScreen.storyboard */; };
		3B2F5A1C21F56E0A00F78C52 /* MonthCalendarTests.swift in Sources */ = {isa = PBXBuildFile; fileRef = 3B2F5A1B21F56E0A00F78C52 /* MonthCalendarTests.swift */; };
		3B2F5A2721F56E0A00F78C52 /* MonthCalendarUITests.swift in Sources */ = {isa = PBXBuildFile; fileRef = 3B2F5A2621F56E0A00F78C52 /* MonthCalendarUITests.swift */; };
		3B931FAD223B7B1E006AAB12 /* CollectionCellViewAdapter.swift in Sources */ = {isa = PBXBuildFile; fileRef = 3B931F9B223B7B1D006AAB12 /* CollectionCellViewAdapter.swift */; };
		3B931FAE223B7B1E006AAB12 /* LaiCalendarView.swift in Sources */ = {isa = PBXBuildFile; fileRef = 3B931F9C223B7B1D006AAB12 /* LaiCalendarView.swift */; };
		3B931FAF223B7B1E006AAB12 /* PresentCalendarView.swift in Sources */ = {isa = PBXBuildFile; fileRef = 3B931F9D223B7B1D006AAB12 /* PresentCalendarView.swift */; };
		3B931FB0223B7B1E006AAB12 /* MenuCollectionViewCell.xib in Resources */ = {isa = PBXBuildFile; fileRef = 3B931F9E223B7B1D006AAB12 /* MenuCollectionViewCell.xib */; };
		3B931FB1223B7B1E006AAB12 /* PresentViewController.swift in Sources */ = {isa = PBXBuildFile; fileRef = 3B931F9F223B7B1D006AAB12 /* PresentViewController.swift */; };
		3B931FB2223B7B1E006AAB12 /* PresentCalendarViewAdapter.swift in Sources */ = {isa = PBXBuildFile; fileRef = 3B931FA0223B7B1E006AAB12 /* PresentCalendarViewAdapter.swift */; };
		3B931FB3223B7B1E006AAB12 /* CollectionCellView.swift in Sources */ = {isa = PBXBuildFile; fileRef = 3B931FA1223B7B1E006AAB12 /* CollectionCellView.swift */; };
		3B931FB4223B7B1E006AAB12 /* LaiCalendarViewAdapter.swift in Sources */ = {isa = PBXBuildFile; fileRef = 3B931FA2223B7B1E006AAB12 /* LaiCalendarViewAdapter.swift */; };
		3B931FB5223B7B1E006AAB12 /* CollectionCellView.xib in Resources */ = {isa = PBXBuildFile; fileRef = 3B931FA3223B7B1E006AAB12 /* CollectionCellView.xib */; };
		3B931FB6223B7B1E006AAB12 /* PresentCalendarView.xib in Resources */ = {isa = PBXBuildFile; fileRef = 3B931FA4223B7B1E006AAB12 /* PresentCalendarView.xib */; };
		3B931FB7223B7B1E006AAB12 /* MenuCollectionCellView.xib in Resources */ = {isa = PBXBuildFile; fileRef = 3B931FA5223B7B1E006AAB12 /* MenuCollectionCellView.xib */; };
		3B931FB8223B7B1E006AAB12 /* LaiCalendarView.xib in Resources */ = {isa = PBXBuildFile; fileRef = 3B931FA6223B7B1E006AAB12 /* LaiCalendarView.xib */; };
		3B931FB9223B7B1E006AAB12 /* CollectionViewCell.xib in Resources */ = {isa = PBXBuildFile; fileRef = 3B931FA7223B7B1E006AAB12 /* CollectionViewCell.xib */; };
		3B931FBA223B7B1E006AAB12 /* MenuCollectionCellViewAdapter.swift in Sources */ = {isa = PBXBuildFile; fileRef = 3B931FA8223B7B1E006AAB12 /* MenuCollectionCellViewAdapter.swift */; };
		3B931FBB223B7B1E006AAB12 /* CollectionViewCell.swift in Sources */ = {isa = PBXBuildFile; fileRef = 3B931FA9223B7B1E006AAB12 /* CollectionViewCell.swift */; };
		3B931FBC223B7B1E006AAB12 /* MenuCollectionViewCell.swift in Sources */ = {isa = PBXBuildFile; fileRef = 3B931FAA223B7B1E006AAB12 /* MenuCollectionViewCell.swift */; };
		3B931FBD223B7B1E006AAB12 /* ViewController.swift in Sources */ = {isa = PBXBuildFile; fileRef = 3B931FAB223B7B1E006AAB12 /* ViewController.swift */; };
		3B931FBE223B7B1E006AAB12 /* MenuCollectionCellView.swift in Sources */ = {isa = PBXBuildFile; fileRef = 3B931FAC223B7B1E006AAB12 /* MenuCollectionCellView.swift */; };
		3B931FC8223B7B2A006AAB12 /* icon_arrow_left@2x.png in Resources */ = {isa = PBXBuildFile; fileRef = 3B931FC0223B7B2A006AAB12 /* icon_arrow_left@2x.png */; };
		3B931FC9223B7B2A006AAB12 /* icon_arrow_right_black@2x.png in Resources */ = {isa = PBXBuildFile; fileRef = 3B931FC1223B7B2A006AAB12 /* icon_arrow_right_black@2x.png */; };
		3B931FCA223B7B2A006AAB12 /* icon_arrow_down@2x.png in Resources */ = {isa = PBXBuildFile; fileRef = 3B931FC2223B7B2A006AAB12 /* icon_arrow_down@2x.png */; };
		3B931FCB223B7B2A006AAB12 /* icon_arrow_down_black@2x.png in Resources */ = {isa = PBXBuildFile; fileRef = 3B931FC3223B7B2A006AAB12 /* icon_arrow_down_black@2x.png */; };
		3B931FCC223B7B2A006AAB12 /* icon_arrow_right@2x.png in Resources */ = {isa = PBXBuildFile; fileRef = 3B931FC4223B7B2A006AAB12 /* icon_arrow_right@2x.png */; };
		3B931FCD223B7B2A006AAB12 /* icon_arrow_right_gray@2x.png in Resources */ = {isa = PBXBuildFile; fileRef = 3B931FC5223B7B2A006AAB12 /* icon_arrow_right_gray@2x.png */; };
		3B931FCE223B7B2A006AAB12 /* icon_arrow_left_gray@2x.png in Resources */ = {isa = PBXBuildFile; fileRef = 3B931FC6223B7B2A006AAB12 /* icon_arrow_left_gray@2x.png */; };
		3B931FCF223B7B2A006AAB12 /* icon_arrow_left_black@2x.png in Resources */ = {isa = PBXBuildFile; fileRef = 3B931FC7223B7B2A006AAB12 /* icon_arrow_left_black@2x.png */; };
/* End PBXBuildFile section */

/* Begin PBXContainerItemProxy section */
		3B2F5A1821F56E0A00F78C52 /* PBXContainerItemProxy */ = {
			isa = PBXContainerItemProxy;
			containerPortal = 3B2F59FB21F56E0900F78C52 /* Project object */;
			proxyType = 1;
			remoteGlobalIDString = 3B2F5A0221F56E0900F78C52;
			remoteInfo = MonthCalendar;
		};
		3B2F5A2321F56E0A00F78C52 /* PBXContainerItemProxy */ = {
			isa = PBXContainerItemProxy;
			containerPortal = 3B2F59FB21F56E0900F78C52 /* Project object */;
			proxyType = 1;
			remoteGlobalIDString = 3B2F5A0221F56E0900F78C52;
			remoteInfo = MonthCalendar;
		};
/* End PBXContainerItemProxy section */

/* Begin PBXFileReference section */
		3B2F5A0321F56E0900F78C52 /* MonthCalendar.app */ = {isa = PBXFileReference; explicitFileType = wrapper.application; includeInIndex = 0; path = MonthCalendar.app; sourceTree = BUILT_PRODUCTS_DIR; };
		3B2F5A0621F56E0900F78C52 /* AppDelegate.swift */ = {isa = PBXFileReference; lastKnownFileType = sourcecode.swift; path = AppDelegate.swift; sourceTree = "<group>"; };
		3B2F5A0B21F56E0900F78C52 /* Base */ = {isa = PBXFileReference; lastKnownFileType = file.storyboard; name = Base; path = Base.lproj/Main.storyboard; sourceTree = "<group>"; };
		3B2F5A0D21F56E0A00F78C52 /* Assets.xcassets */ = {isa = PBXFileReference; lastKnownFileType = folder.assetcatalog; path = Assets.xcassets; sourceTree = "<group>"; };
		3B2F5A1021F56E0A00F78C52 /* Base */ = {isa = PBXFileReference; lastKnownFileType = file.storyboard; name = Base; path = Base.lproj/LaunchScreen.storyboard; sourceTree = "<group>"; };
		3B2F5A1221F56E0A00F78C52 /* Info.plist */ = {isa = PBXFileReference; lastKnownFileType = text.plist.xml; path = Info.plist; sourceTree = "<group>"; };
		3B2F5A1721F56E0A00F78C52 /* MonthCalendarTests.xctest */ = {isa = PBXFileReference; explicitFileType = wrapper.cfbundle; includeInIndex = 0; path = MonthCalendarTests.xctest; sourceTree = BUILT_PRODUCTS_DIR; };
		3B2F5A1B21F56E0A00F78C52 /* MonthCalendarTests.swift */ = {isa = PBXFileReference; lastKnownFileType = sourcecode.swift; path = MonthCalendarTests.swift; sourceTree = "<group>"; };
		3B2F5A1D21F56E0A00F78C52 /* Info.plist */ = {isa = PBXFileReference; lastKnownFileType = text.plist.xml; path = Info.plist; sourceTree = "<group>"; };
		3B2F5A2221F56E0A00F78C52 /* MonthCalendarUITests.xctest */ = {isa = PBXFileReference; explicitFileType = wrapper.cfbundle; includeInIndex = 0; path = MonthCalendarUITests.xctest; sourceTree = BUILT_PRODUCTS_DIR; };
		3B2F5A2621F56E0A00F78C52 /* MonthCalendarUITests.swift */ = {isa = PBXFileReference; lastKnownFileType = sourcecode.swift; path = MonthCalendarUITests.swift; sourceTree = "<group>"; };
		3B2F5A2821F56E0A00F78C52 /* Info.plist */ = {isa = PBXFileReference; lastKnownFileType = text.plist.xml; path = Info.plist; sourceTree = "<group>"; };
		3B931F9B223B7B1D006AAB12 /* CollectionCellViewAdapter.swift */ = {isa = PBXFileReference; fileEncoding = 4; lastKnownFileType = sourcecode.swift; path = CollectionCellViewAdapter.swift; sourceTree = "<group>"; };
		3B931F9C223B7B1D006AAB12 /* LaiCalendarView.swift */ = {isa = PBXFileReference; fileEncoding = 4; lastKnownFileType = sourcecode.swift; path = LaiCalendarView.swift; sourceTree = "<group>"; };
		3B931F9D223B7B1D006AAB12 /* PresentCalendarView.swift */ = {isa = PBXFileReference; fileEncoding = 4; lastKnownFileType = sourcecode.swift; path = PresentCalendarView.swift; sourceTree = "<group>"; };
		3B931F9E223B7B1D006AAB12 /* MenuCollectionViewCell.xib */ = {isa = PBXFileReference; fileEncoding = 4; lastKnownFileType = file.xib; path = MenuCollectionViewCell.xib; sourceTree = "<group>"; };
		3B931F9F223B7B1D006AAB12 /* PresentViewController.swift */ = {isa = PBXFileReference; fileEncoding = 4; lastKnownFileType = sourcecode.swift; path = PresentViewController.swift; sourceTree = "<group>"; };
		3B931FA0223B7B1E006AAB12 /* PresentCalendarViewAdapter.swift */ = {isa = PBXFileReference; fileEncoding = 4; lastKnownFileType = sourcecode.swift; path = PresentCalendarViewAdapter.swift; sourceTree = "<group>"; };
		3B931FA1223B7B1E006AAB12 /* CollectionCellView.swift */ = {isa = PBXFileReference; fileEncoding = 4; lastKnownFileType = sourcecode.swift; path = CollectionCellView.swift; sourceTree = "<group>"; };
		3B931FA2223B7B1E006AAB12 /* LaiCalendarViewAdapter.swift */ = {isa = PBXFileReference; fileEncoding = 4; lastKnownFileType = sourcecode.swift; path = LaiCalendarViewAdapter.swift; sourceTree = "<group>"; };
		3B931FA3223B7B1E006AAB12 /* CollectionCellView.xib */ = {isa = PBXFileReference; fileEncoding = 4; lastKnownFileType = file.xib; path = CollectionCellView.xib; sourceTree = "<group>"; };
		3B931FA4223B7B1E006AAB12 /* PresentCalendarView.xib */ = {isa = PBXFileReference; fileEncoding = 4; lastKnownFileType = file.xib; path = PresentCalendarView.xib; sourceTree = "<group>"; };
		3B931FA5223B7B1E006AAB12 /* MenuCollectionCellView.xib */ = {isa = PBXFileReference; fileEncoding = 4; lastKnownFileType = file.xib; path = MenuCollectionCellView.xib; sourceTree = "<group>"; };
		3B931FA6223B7B1E006AAB12 /* LaiCalendarView.xib */ = {isa = PBXFileReference; fileEncoding = 4; lastKnownFileType = file.xib; path = LaiCalendarView.xib; sourceTree = "<group>"; };
		3B931FA7223B7B1E006AAB12 /* CollectionViewCell.xib */ = {isa = PBXFileReference; fileEncoding = 4; lastKnownFileType = file.xib; path = CollectionViewCell.xib; sourceTree = "<group>"; };
		3B931FA8223B7B1E006AAB12 /* MenuCollectionCellViewAdapter.swift */ = {isa = PBXFileReference; fileEncoding = 4; lastKnownFileType = sourcecode.swift; path = MenuCollectionCellViewAdapter.swift; sourceTree = "<group>"; };
		3B931FA9223B7B1E006AAB12 /* CollectionViewCell.swift */ = {isa = PBXFileReference; fileEncoding = 4; lastKnownFileType = sourcecode.swift; path = CollectionViewCell.swift; sourceTree = "<group>"; };
		3B931FAA223B7B1E006AAB12 /* MenuCollectionViewCell.swift */ = {isa = PBXFileReference; fileEncoding = 4; lastKnownFileType = sourcecode.swift; path = MenuCollectionViewCell.swift; sourceTree = "<group>"; };
		3B931FAB223B7B1E006AAB12 /* ViewController.swift */ = {isa = PBXFileReference; fileEncoding = 4; lastKnownFileType = sourcecode.swift; path = ViewController.swift; sourceTree = "<group>"; };
		3B931FAC223B7B1E006AAB12 /* MenuCollectionCellView.swift */ = {isa = PBXFileReference; fileEncoding = 4; lastKnownFileType = sourcecode.swift; path = MenuCollectionCellView.swift; sourceTree = "<group>"; };
		3B931FC0223B7B2A006AAB12 /* icon_arrow_left@2x.png */ = {isa = PBXFileReference; lastKnownFileType = image.png; path = "icon_arrow_left@2x.png"; sourceTree = "<group>"; };
		3B931FC1223B7B2A006AAB12 /* icon_arrow_right_black@2x.png */ = {isa = PBXFileReference; lastKnownFileType = image.png; path = "icon_arrow_right_black@2x.png"; sourceTree = "<group>"; };
		3B931FC2223B7B2A006AAB12 /* icon_arrow_down@2x.png */ = {isa = PBXFileReference; lastKnownFileType = image.png; path = "icon_arrow_down@2x.png"; sourceTree = "<group>"; };
		3B931FC3223B7B2A006AAB12 /* icon_arrow_down_black@2x.png */ = {isa = PBXFileReference; lastKnownFileType = image.png; path = "icon_arrow_down_black@2x.png"; sourceTree = "<group>"; };
		3B931FC4223B7B2A006AAB12 /* icon_arrow_right@2x.png */ = {isa = PBXFileReference; lastKnownFileType = image.png; path = "icon_arrow_right@2x.png"; sourceTree = "<group>"; };
		3B931FC5223B7B2A006AAB12 /* icon_arrow_right_gray@2x.png */ = {isa = PBXFileReference; lastKnownFileType = image.png; path = "icon_arrow_right_gray@2x.png"; sourceTree = "<group>"; };
		3B931FC6223B7B2A006AAB12 /* icon_arrow_left_gray@2x.png */ = {isa = PBXFileReference; lastKnownFileType = image.png; path = "icon_arrow_left_gray@2x.png"; sourceTree = "<group>"; };
		3B931FC7223B7B2A006AAB12 /* icon_arrow_left_black@2x.png */ = {isa = PBXFileReference; lastKnownFileType = image.png; path = "icon_arrow_left_black@2x.png"; sourceTree = "<group>"; };
/* End PBXFileReference section */

/* Begin PBXFrameworksBuildPhase section */
		3B2F5A0021F56E0900F78C52 /* Frameworks */ = {
			isa = PBXFrameworksBuildPhase;
			buildActionMask = 2147483647;
			files = (
			);
			runOnlyForDeploymentPostprocessing = 0;
		};
		3B2F5A1421F56E0A00F78C52 /* Frameworks */ = {
			isa = PBXFrameworksBuildPhase;
			buildActionMask = 2147483647;
			files = (
			);
			runOnlyForDeploymentPostprocessing = 0;
		};
		3B2F5A1F21F56E0A00F78C52 /* Frameworks */ = {
			isa = PBXFrameworksBuildPhase;
			buildActionMask = 2147483647;
			files = (
			);
			runOnlyForDeploymentPostprocessing = 0;
		};
/* End PBXFrameworksBuildPhase section */

/* Begin PBXGroup section */
		3B2F59FA21F56E0900F78C52 = {
			isa = PBXGroup;
			children = (
				3B2F5A0521F56E0900F78C52 /* MonthCalendar */,
				3B2F5A1A21F56E0A00F78C52 /* MonthCalendarTests */,
				3B2F5A2521F56E0A00F78C52 /* MonthCalendarUITests */,
				3B2F5A0421F56E0900F78C52 /* Products */,
			);
			sourceTree = "<group>";
		};
		3B2F5A0421F56E0900F78C52 /* Products */ = {
			isa = PBXGroup;
			children = (
				3B2F5A0321F56E0900F78C52 /* MonthCalendar.app */,
				3B2F5A1721F56E0A00F78C52 /* MonthCalendarTests.xctest */,
				3B2F5A2221F56E0A00F78C52 /* MonthCalendarUITests.xctest */,
			);
			name = Products;
			sourceTree = "<group>";
		};
		3B2F5A0521F56E0900F78C52 /* MonthCalendar */ = {
			isa = PBXGroup;
			children = (
				3B931FBF223B7B2A006AAB12 /* Resources */,
				3B2F5A3621F56E9C00F78C52 /* Calendar */,
				3B2F5A0621F56E0900F78C52 /* AppDelegate.swift */,
				3B2F5A0A21F56E0900F78C52 /* Main.storyboard */,
				3B2F5A0D21F56E0A00F78C52 /* Assets.xcassets */,
				3B2F5A0F21F56E0A00F78C52 /* LaunchScreen.storyboard */,
				3B2F5A1221F56E0A00F78C52 /* Info.plist */,
			);
			path = MonthCalendar;
			sourceTree = "<group>";
		};
		3B2F5A1A21F56E0A00F78C52 /* MonthCalendarTests */ = {
			isa = PBXGroup;
			children = (
				3B2F5A1B21F56E0A00F78C52 /* MonthCalendarTests.swift */,
				3B2F5A1D21F56E0A00F78C52 /* Info.plist */,
			);
			path = MonthCalendarTests;
			sourceTree = "<group>";
		};
		3B2F5A2521F56E0A00F78C52 /* MonthCalendarUITests */ = {
			isa = PBXGroup;
			children = (
				3B2F5A2621F56E0A00F78C52 /* MonthCalendarUITests.swift */,
				3B2F5A2821F56E0A00F78C52 /* Info.plist */,
			);
			path = MonthCalendarUITests;
			sourceTree = "<group>";
		};
		3B2F5A3621F56E9C00F78C52 /* Calendar */ = {
			isa = PBXGroup;
			children = (
				3B931FA1223B7B1E006AAB12 /* CollectionCellView.swift */,
				3B931FA3223B7B1E006AAB12 /* CollectionCellView.xib */,
				3B931F9B223B7B1D006AAB12 /* CollectionCellViewAdapter.swift */,
				3B931FA9223B7B1E006AAB12 /* CollectionViewCell.swift */,
				3B931FA7223B7B1E006AAB12 /* CollectionViewCell.xib */,
				3B931F9C223B7B1D006AAB12 /* LaiCalendarView.swift */,
				3B931FA6223B7B1E006AAB12 /* LaiCalendarView.xib */,
				3B931FA2223B7B1E006AAB12 /* LaiCalendarViewAdapter.swift */,
				3B931FAC223B7B1E006AAB12 /* MenuCollectionCellView.swift */,
				3B931FA5223B7B1E006AAB12 /* MenuCollectionCellView.xib */,
				3B931FA8223B7B1E006AAB12 /* MenuCollectionCellViewAdapter.swift */,
				3B931FAA223B7B1E006AAB12 /* MenuCollectionViewCell.swift */,
				3B931F9E223B7B1D006AAB12 /* MenuCollectionViewCell.xib */,
				3B931F9D223B7B1D006AAB12 /* PresentCalendarView.swift */,
				3B931FA4223B7B1E006AAB12 /* PresentCalendarView.xib */,
				3B931FA0223B7B1E006AAB12 /* PresentCalendarViewAdapter.swift */,
				3B931F9F223B7B1D006AAB12 /* PresentViewController.swift */,
				3B931FAB223B7B1E006AAB12 /* ViewController.swift */,
			);
			path = Calendar;
			sourceTree = "<group>";
		};
		3B931FBF223B7B2A006AAB12 /* Resources */ = {
			isa = PBXGroup;
			children = (
				3B931FC0223B7B2A006AAB12 /* icon_arrow_left@2x.png */,
				3B931FC1223B7B2A006AAB12 /* icon_arrow_right_black@2x.png */,
				3B931FC2223B7B2A006AAB12 /* icon_arrow_down@2x.png */,
				3B931FC3223B7B2A006AAB12 /* icon_arrow_down_black@2x.png */,
				3B931FC4223B7B2A006AAB12 /* icon_arrow_right@2x.png */,
				3B931FC5223B7B2A006AAB12 /* icon_arrow_right_gray@2x.png */,
				3B931FC6223B7B2A006AAB12 /* icon_arrow_left_gray@2x.png */,
				3B931FC7223B7B2A006AAB12 /* icon_arrow_left_black@2x.png */,
			);
			path = Resources;
			sourceTree = SOURCE_ROOT;
		};
/* End PBXGroup section */

/* Begin PBXNativeTarget section */
		3B2F5A0221F56E0900F78C52 /* MonthCalendar */ = {
			isa = PBXNativeTarget;
			buildConfigurationList = 3B2F5A2B21F56E0A00F78C52 /* Build configuration list for PBXNativeTarget "MonthCalendar" */;
			buildPhases = (
				3B2F59FF21F56E0900F78C52 /* Sources */,
				3B2F5A0021F56E0900F78C52 /* Frameworks */,
				3B2F5A0121F56E0900F78C52 /* Resources */,
			);
			buildRules = (
			);
			dependencies = (
			);
			name = MonthCalendar;
			productName = MonthCalendar;
			productReference = 3B2F5A0321F56E0900F78C52 /* MonthCalendar.app */;
			productType = "com.apple.product-type.application";
		};
		3B2F5A1621F56E0A00F78C52 /* MonthCalendarTests */ = {
			isa = PBXNativeTarget;
			buildConfigurationList = 3B2F5A2E21F56E0A00F78C52 /* Build configuration list for PBXNativeTarget "MonthCalendarTests" */;
			buildPhases = (
				3B2F5A1321F56E0A00F78C52 /* Sources */,
				3B2F5A1421F56E0A00F78C52 /* Frameworks */,
				3B2F5A1521F56E0A00F78C52 /* Resources */,
			);
			buildRules = (
			);
			dependencies = (
				3B2F5A1921F56E0A00F78C52 /* PBXTargetDependency */,
			);
			name = MonthCalendarTests;
			productName = MonthCalendarTests;
			productReference = 3B2F5A1721F56E0A00F78C52 /* MonthCalendarTests.xctest */;
			productType = "com.apple.product-type.bundle.unit-test";
		};
		3B2F5A2121F56E0A00F78C52 /* MonthCalendarUITests */ = {
			isa = PBXNativeTarget;
			buildConfigurationList = 3B2F5A3121F56E0A00F78C52 /* Build configuration list for PBXNativeTarget "MonthCalendarUITests" */;
			buildPhases = (
				3B2F5A1E21F56E0A00F78C52 /* Sources */,
				3B2F5A1F21F56E0A00F78C52 /* Frameworks */,
				3B2F5A2021F56E0A00F78C52 /* Resources */,
			);
			buildRules = (
			);
			dependencies = (
				3B2F5A2421F56E0A00F78C52 /* PBXTargetDependency */,
			);
			name = MonthCalendarUITests;
			productName = MonthCalendarUITests;
			productReference = 3B2F5A2221F56E0A00F78C52 /* MonthCalendarUITests.xctest */;
			productType = "com.apple.product-type.bundle.ui-testing";
		};
/* End PBXNativeTarget section */

/* Begin PBXProject section */
		3B2F59FB21F56E0900F78C52 /* Project object */ = {
			isa = PBXProject;
			attributes = {
				LastSwiftUpdateCheck = 1010;
				LastUpgradeCheck = 1010;
				ORGANIZATIONNAME = "朱宋宇";
				TargetAttributes = {
					3B2F5A0221F56E0900F78C52 = {
						CreatedOnToolsVersion = 10.1;
					};
					3B2F5A1621F56E0A00F78C52 = {
						CreatedOnToolsVersion = 10.1;
						TestTargetID = 3B2F5A0221F56E0900F78C52;
					};
					3B2F5A2121F56E0A00F78C52 = {
						CreatedOnToolsVersion = 10.1;
						TestTargetID = 3B2F5A0221F56E0900F78C52;
					};
				};
			};
			buildConfigurationList = 3B2F59FE21F56E0900F78C52 /* Build configuration list for PBXProject "MonthCalendar" */;
			compatibilityVersion = "Xcode 9.3";
			developmentRegion = en;
			hasScannedForEncodings = 0;
			knownRegions = (
				en,
				Base,
			);
			mainGroup = 3B2F59FA21F56E0900F78C52;
			productRefGroup = 3B2F5A0421F56E0900F78C52 /* Products */;
			projectDirPath = "";
			projectRoot = "";
			targets = (
				3B2F5A0221F56E0900F78C52 /* MonthCalendar */,
				3B2F5A1621F56E0A00F78C52 /* MonthCalendarTests */,
				3B2F5A2121F56E0A00F78C52 /* MonthCalendarUITests */,
			);
		};
/* End PBXProject section */

/* Begin PBXResourcesBuildPhase section */
		3B2F5A0121F56E0900F78C52 /* Resources */ = {
			isa = PBXResourcesBuildPhase;
			buildActionMask = 2147483647;
			files = (
				3B931FC8223B7B2A006AAB12 /* icon_arrow_left@2x.png in Resources */,
				3B931FC9223B7B2A006AAB12 /* icon_arrow_right_black@2x.png in Resources */,
				3B2F5A1121F56E0A00F78C52 /* LaunchScreen.storyboard in Resources */,
				3B2F5A0E21F56E0A00F78C52 /* Assets.xcassets in Resources */,
				3B931FCC223B7B2A006AAB12 /* icon_arrow_right@2x.png in Resources */,
				3B931FB5223B7B1E006AAB12 /* CollectionCellView.xib in Resources */,
				3B931FB7223B7B1E006AAB12 /* MenuCollectionCellView.xib in Resources */,
				3B931FCE223B7B2A006AAB12 /* icon_arrow_left_gray@2x.png in Resources */,
				3B2F5A0C21F56E0900F78C52 /* Main.storyboard in Resources */,
				3B931FB6223B7B1E006AAB12 /* PresentCalendarView.xib in Resources */,
				3B931FB0223B7B1E006AAB12 /* MenuCollectionViewCell.xib in Resources */,
				3B931FCA223B7B2A006AAB12 /* icon_arrow_down@2x.png in Resources */,
				3B931FCD223B7B2A006AAB12 /* icon_arrow_right_gray@2x.png in Resources */,
				3B931FB8223B7B1E006AAB12 /* LaiCalendarView.xib in Resources */,
				3B931FB9223B7B1E006AAB12 /* CollectionViewCell.xib in Resources */,
				3B931FCF223B7B2A006AAB12 /* icon_arrow_left_black@2x.png in Resources */,
				3B931FCB223B7B2A006AAB12 /* icon_arrow_down_black@2x.png in Resources */,
			);
			runOnlyForDeploymentPostprocessing = 0;
		};
		3B2F5A1521F56E0A00F78C52 /* Resources */ = {
			isa = PBXResourcesBuildPhase;
			buildActionMask = 2147483647;
			files = (
			);
			runOnlyForDeploymentPostprocessing = 0;
		};
		3B2F5A2021F56E0A00F78C52 /* Resources */ = {
			isa = PBXResourcesBuildPhase;
			buildActionMask = 2147483647;
			files = (
			);
			runOnlyForDeploymentPostprocessing = 0;
		};
/* End PBXResourcesBuildPhase section */

/* Begin PBXSourcesBuildPhase section */
		3B2F59FF21F56E0900F78C52 /* Sources */ = {
			isa = PBXSourcesBuildPhase;
			buildActionMask = 2147483647;
			files = (
				3B931FBB223B7B1E006AAB12 /* CollectionViewCell.swift in Sources */,
				3B931FAD223B7B1E006AAB12 /* CollectionCellViewAdapter.swift in Sources */,
				3B2F5A0721F56E0900F78C52 /* AppDelegate.swift in Sources */,
				3B931FB1223B7B1E006AAB12 /* PresentViewController.swift in Sources */,
				3B931FB4223B7B1E006AAB12 /* LaiCalendarViewAdapter.swift in Sources */,
				3B931FAF223B7B1E006AAB12 /* PresentCalendarView.swift in Sources */,
				3B931FBD223B7B1E006AAB12 /* ViewController.swift in Sources */,
				3B931FBA223B7B1E006AAB12 /* MenuCollectionCellViewAdapter.swift in Sources */,
				3B931FBC223B7B1E006AAB12 /* MenuCollectionViewCell.swift in Sources */,
				3B931FB3223B7B1E006AAB12 /* CollectionCellView.swift in Sources */,
				3B931FB2223B7B1E006AAB12 /* PresentCalendarViewAdapter.swift in Sources */,
				3B931FAE223B7B1E006AAB12 /* LaiCalendarView.swift in Sources */,
				3B931FBE223B7B1E006AAB12 /* MenuCollectionCellView.swift in Sources */,
			);
			runOnlyForDeploymentPostprocessing = 0;
		};
		3B2F5A1321F56E0A00F78C52 /* Sources */ = {
			isa = PBXSourcesBuildPhase;
			buildActionMask = 2147483647;
			files = (
				3B2F5A1C21F56E0A00F78C52 /* MonthCalendarTests.swift in Sources */,
			);
			runOnlyForDeploymentPostprocessing = 0;
		};
		3B2F5A1E21F56E0A00F78C52 /* Sources */ = {
			isa = PBXSourcesBuildPhase;
			buildActionMask = 2147483647;
			files = (
				3B2F5A2721F56E0A00F78C52 /* MonthCalendarUITests.swift in Sources */,
			);
			runOnlyForDeploymentPostprocessing = 0;
		};
/* End PBXSourcesBuildPhase section */

/* Begin PBXTargetDependency section */
		3B2F5A1921F56E0A00F78C52 /* PBXTargetDependency */ = {
			isa = PBXTargetDependency;
			target = 3B2F5A0221F56E0900F78C52 /* MonthCalendar */;
			targetProxy = 3B2F5A1821F56E0A00F78C52 /* PBXContainerItemProxy */;
		};
		3B2F5A2421F56E0A00F78C52 /* PBXTargetDependency */ = {
			isa = PBXTargetDependency;
			target = 3B2F5A0221F56E0900F78C52 /* MonthCalendar */;
			targetProxy = 3B2F5A2321F56E0A00F78C52 /* PBXContainerItemProxy */;
		};
/* End PBXTargetDependency section */

/* Begin PBXVariantGroup section */
		3B2F5A0A21F56E0900F78C52 /* Main.storyboard */ = {
			isa = PBXVariantGroup;
			children = (
				3B2F5A0B21F56E0900F78C52 /* Base */,
			);
			name = Main.storyboard;
			sourceTree = "<group>";
		};
		3B2F5A0F21F56E0A00F78C52 /* LaunchScreen.storyboard */ = {
			isa = PBXVariantGroup;
			children = (
				3B2F5A1021F56E0A00F78C52 /* Base */,
			);
			name = LaunchScreen.storyboard;
			sourceTree = "<group>";
		};
/* End PBXVariantGroup section */

/* Begin XCBuildConfiguration section */
		3B2F5A2921F56E0A00F78C52 /* Debug */ = {
			isa = XCBuildConfiguration;
			buildSettings = {
				ALWAYS_SEARCH_USER_PATHS = NO;
				CLANG_ANALYZER_NONNULL = YES;
				CLANG_ANALYZER_NUMBER_OBJECT_CONVERSION = YES_AGGRESSIVE;
				CLANG_CXX_LANGUAGE_STANDARD = "gnu++14";
				CLANG_CXX_LIBRARY = "libc++";
				CLANG_ENABLE_MODULES = YES;
				CLANG_ENABLE_OBJC_ARC = YES;
				CLANG_ENABLE_OBJC_WEAK = YES;
				CLANG_WARN_BLOCK_CAPTURE_AUTORELEASING = YES;
				CLANG_WARN_BOOL_CONVERSION = YES;
				CLANG_WARN_COMMA = YES;
				CLANG_WARN_CONSTANT_CONVERSION = YES;
				CLANG_WARN_DEPRECATED_OBJC_IMPLEMENTATIONS = YES;
				CLANG_WARN_DIRECT_OBJC_ISA_USAGE = YES_ERROR;
				CLANG_WARN_DOCUMENTATION_COMMENTS = YES;
				CLANG_WARN_EMPTY_BODY = YES;
				CLANG_WARN_ENUM_CONVERSION = YES;
				CLANG_WARN_INFINITE_RECURSION = YES;
				CLANG_WARN_INT_CONVERSION = YES;
				CLANG_WARN_NON_LITERAL_NULL_CONVERSION = YES;
				CLANG_WARN_OBJC_IMPLICIT_RETAIN_SELF = YES;
				CLANG_WARN_OBJC_LITERAL_CONVERSION = YES;
				CLANG_WARN_OBJC_ROOT_CLASS = YES_ERROR;
				CLANG_WARN_RANGE_LOOP_ANALYSIS = YES;
				CLANG_WARN_STRICT_PROTOTYPES = YES;
				CLANG_WARN_SUSPICIOUS_MOVE = YES;
				CLANG_WARN_UNGUARDED_AVAILABILITY = YES_AGGRESSIVE;
				CLANG_WARN_UNREACHABLE_CODE = YES;
				CLANG_WARN__DUPLICATE_METHOD_MATCH = YES;
				CODE_SIGN_IDENTITY = "iPhone Developer";
				COPY_PHASE_STRIP = NO;
				DEBUG_INFORMATION_FORMAT = dwarf;
				ENABLE_STRICT_OBJC_MSGSEND = YES;
				ENABLE_TESTABILITY = YES;
				GCC_C_LANGUAGE_STANDARD = gnu11;
				GCC_DYNAMIC_NO_PIC = NO;
				GCC_NO_COMMON_BLOCKS = YES;
				GCC_OPTIMIZATION_LEVEL = 0;
				GCC_PREPROCESSOR_DEFINITIONS = (
					"DEBUG=1",
					"$(inherited)",
				);
				GCC_WARN_64_TO_32_BIT_CONVERSION = YES;
				GCC_WARN_ABOUT_RETURN_TYPE = YES_ERROR;
				GCC_WARN_UNDECLARED_SELECTOR = YES;
				GCC_WARN_UNINITIALIZED_AUTOS = YES_AGGRESSIVE;
				GCC_WARN_UNUSED_FUNCTION = YES;
				GCC_WARN_UNUSED_VARIABLE = YES;
				IPHONEOS_DEPLOYMENT_TARGET = 12.1;
				MTL_ENABLE_DEBUG_INFO = INCLUDE_SOURCE;
				MTL_FAST_MATH = YES;
				ONLY_ACTIVE_ARCH = YES;
				SDKROOT = iphoneos;
				SWIFT_ACTIVE_COMPILATION_CONDITIONS = DEBUG;
				SWIFT_OPTIMIZATION_LEVEL = "-Onone";
			};
			name = Debug;
		};
		3B2F5A2A21F56E0A00F78C52 /* Release */ = {
			isa = XCBuildConfiguration;
			buildSettings = {
				ALWAYS_SEARCH_USER_PATHS = NO;
				CLANG_ANALYZER_NONNULL = YES;
				CLANG_ANALYZER_NUMBER_OBJECT_CONVERSION = YES_AGGRESSIVE;
				CLANG_CXX_LANGUAGE_STANDARD = "gnu++14";
				CLANG_CXX_LIBRARY = "libc++";
				CLANG_ENABLE_MODULES = YES;
				CLANG_ENABLE_OBJC_ARC = YES;
				CLANG_ENABLE_OBJC_WEAK = YES;
				CLANG_WARN_BLOCK_CAPTURE_AUTORELEASING = YES;
				CLANG_WARN_BOOL_CONVERSION = YES;
				CLANG_WARN_COMMA = YES;
				CLANG_WARN_CONSTANT_CONVERSION = YES;
				CLANG_WARN_DEPRECATED_OBJC_IMPLEMENTATIONS = YES;
				CLANG_WARN_DIRECT_OBJC_ISA_USAGE = YES_ERROR;
				CLANG_WARN_DOCUMENTATION_COMMENTS = YES;
				CLANG_WARN_EMPTY_BODY = YES;
				CLANG_WARN_ENUM_CONVERSION = YES;
				CLANG_WARN_INFINITE_RECURSION = YES;
				CLANG_WARN_INT_CONVERSION = YES;
				CLANG_WARN_NON_LITERAL_NULL_CONVERSION = YES;
				CLANG_WARN_OBJC_IMPLICIT_RETAIN_SELF = YES;
				CLANG_WARN_OBJC_LITERAL_CONVERSION = YES;
				CLANG_WARN_OBJC_ROOT_CLASS = YES_ERROR;
				CLANG_WARN_RANGE_LOOP_ANALYSIS = YES;
				CLANG_WARN_STRICT_PROTOTYPES = YES;
				CLANG_WARN_SUSPICIOUS_MOVE = YES;
				CLANG_WARN_UNGUARDED_AVAILABILITY = YES_AGGRESSIVE;
				CLANG_WARN_UNREACHABLE_CODE = YES;
				CLANG_WARN__DUPLICATE_METHOD_MATCH = YES;
				CODE_SIGN_IDENTITY = "iPhone Developer";
				COPY_PHASE_STRIP = NO;
				DEBUG_INFORMATION_FORMAT = "dwarf-with-dsym";
				ENABLE_NS_ASSERTIONS = NO;
				ENABLE_STRICT_OBJC_MSGSEND = YES;
				GCC_C_LANGUAGE_STANDARD = gnu11;
				GCC_NO_COMMON_BLOCKS = YES;
				GCC_WARN_64_TO_32_BIT_CONVERSION = YES;
				GCC_WARN_ABOUT_RETURN_TYPE = YES_ERROR;
				GCC_WARN_UNDECLARED_SELECTOR = YES;
				GCC_WARN_UNINITIALIZED_AUTOS = YES_AGGRESSIVE;
				GCC_WARN_UNUSED_FUNCTION = YES;
				GCC_WARN_UNUSED_VARIABLE = YES;
				IPHONEOS_DEPLOYMENT_TARGET = 12.1;
				MTL_ENABLE_DEBUG_INFO = NO;
				MTL_FAST_MATH = YES;
				SDKROOT = iphoneos;
				SWIFT_COMPILATION_MODE = wholemodule;
				SWIFT_OPTIMIZATION_LEVEL = "-O";
				VALIDATE_PRODUCT = YES;
			};
			name = Release;
		};
		3B2F5A2C21F56E0A00F78C52 /* Debug */ = {
			isa = XCBuildConfiguration;
			buildSettings = {
				ASSETCATALOG_COMPILER_APPICON_NAME = AppIcon;
				CODE_SIGN_STYLE = Automatic;
				DEVELOPMENT_TEAM = 5B974QYD5M;
				INFOPLIST_FILE = MonthCalendar/Info.plist;
				LD_RUNPATH_SEARCH_PATHS = (
					"$(inherited)",
					"@executable_path/Frameworks",
				);
				PRODUCT_BUNDLE_IDENTIFIER = zhusongyu.MonthCalendar;
				PRODUCT_NAME = "$(TARGET_NAME)";
				SWIFT_VERSION = 4.0;
				TARGETED_DEVICE_FAMILY = "1,2";
			};
			name = Debug;
		};
		3B2F5A2D21F56E0A00F78C52 /* Release */ = {
			isa = XCBuildConfiguration;
			buildSettings = {
				ASSETCATALOG_COMPILER_APPICON_NAME = AppIcon;
				CODE_SIGN_STYLE = Automatic;
				DEVELOPMENT_TEAM = 5B974QYD5M;
				INFOPLIST_FILE = MonthCalendar/Info.plist;
				LD_RUNPATH_SEARCH_PATHS = (
					"$(inherited)",
					"@executable_path/Frameworks",
				);
				PRODUCT_BUNDLE_IDENTIFIER = zhusongyu.MonthCalendar;
				PRODUCT_NAME = "$(TARGET_NAME)";
				SWIFT_VERSION = 4.0;
				TARGETED_DEVICE_FAMILY = "1,2";
			};
			name = Release;
		};
		3B2F5A2F21F56E0A00F78C52 /* Debug */ = {
			isa = XCBuildConfiguration;
			buildSettings = {
				ALWAYS_EMBED_SWIFT_STANDARD_LIBRARIES = YES;
				BUNDLE_LOADER = "$(TEST_HOST)";
				CODE_SIGN_STYLE = Automatic;
				INFOPLIST_FILE = MonthCalendarTests/Info.plist;
				LD_RUNPATH_SEARCH_PATHS = (
					"$(inherited)",
					"@executable_path/Frameworks",
					"@loader_path/Frameworks",
				);
				PRODUCT_BUNDLE_IDENTIFIER = zhusongyu.MonthCalendarTests;
				PRODUCT_NAME = "$(TARGET_NAME)";
				SWIFT_VERSION = 4.2;
				TARGETED_DEVICE_FAMILY = "1,2";
				TEST_HOST = "$(BUILT_PRODUCTS_DIR)/MonthCalendar.app/MonthCalendar";
			};
			name = Debug;
		};
		3B2F5A3021F56E0A00F78C52 /* Release */ = {
			isa = XCBuildConfiguration;
			buildSettings = {
				ALWAYS_EMBED_SWIFT_STANDARD_LIBRARIES = YES;
				BUNDLE_LOADER = "$(TEST_HOST)";
				CODE_SIGN_STYLE = Automatic;
				INFOPLIST_FILE = MonthCalendarTests/Info.plist;
				LD_RUNPATH_SEARCH_PATHS = (
					"$(inherited)",
					"@executable_path/Frameworks",
					"@loader_path/Frameworks",
				);
				PRODUCT_BUNDLE_IDENTIFIER = zhusongyu.MonthCalendarTests;
				PRODUCT_NAME = "$(TARGET_NAME)";
				SWIFT_VERSION = 4.2;
				TARGETED_DEVICE_FAMILY = "1,2";
				TEST_HOST = "$(BUILT_PRODUCTS_DIR)/MonthCalendar.app/MonthCalendar";
			};
			name = Release;
		};
		3B2F5A3221F56E0A00F78C52 /* Debug */ = {
			isa = XCBuildConfiguration;
			buildSettings = {
				ALWAYS_EMBED_SWIFT_STANDARD_LIBRARIES = YES;
				CODE_SIGN_STYLE = Automatic;
				INFOPLIST_FILE = MonthCalendarUITests/Info.plist;
				LD_RUNPATH_SEARCH_PATHS = (
					"$(inherited)",
					"@executable_path/Frameworks",
					"@loader_path/Frameworks",
				);
				PRODUCT_BUNDLE_IDENTIFIER = zhusongyu.MonthCalendarUITests;
				PRODUCT_NAME = "$(TARGET_NAME)";
				SWIFT_VERSION = 4.2;
				TARGETED_DEVICE_FAMILY = "1,2";
				TEST_TARGET_NAME = MonthCalendar;
			};
			name = Debug;
		};
		3B2F5A3321F56E0A00F78C52 /* Release */ = {
			isa = XCBuildConfiguration;
			buildSettings = {
				ALWAYS_EMBED_SWIFT_STANDARD_LIBRARIES = YES;
				CODE_SIGN_STYLE = Automatic;
				INFOPLIST_FILE = MonthCalendarUITests/Info.plist;
				LD_RUNPATH_SEARCH_PATHS = (
					"$(inherited)",
					"@executable_path/Frameworks",
					"@loader_path/Frameworks",
				);
				PRODUCT_BUNDLE_IDENTIFIER = zhusongyu.MonthCalendarUITests;
				PRODUCT_NAME = "$(TARGET_NAME)";
				SWIFT_VERSION = 4.2;
				TARGETED_DEVICE_FAMILY = "1,2";
				TEST_TARGET_NAME = MonthCalendar;
			};
			name = Release;
		};
/* End XCBuildConfiguration section */

/* Begin XCConfigurationList section */
		3B2F59FE21F56E0900F78C52 /* Build configuration list for PBXProject "MonthCalendar" */ = {
			isa = XCConfigurationList;
			buildConfigurations = (
				3B2F5A2921F56E0A00F78C52 /* Debug */,
				3B2F5A2A21F56E0A00F78C52 /* Release */,
			);
			defaultConfigurationIsVisible = 0;
			defaultConfigurationName = Release;
		};
		3B2F5A2B21F56E0A00F78C52 /* Build configuration list for PBXNativeTarget "MonthCalendar" */ = {
			isa = XCConfigurationList;
			buildConfigurations = (
				3B2F5A2C21F56E0A00F78C52 /* Debug */,
				3B2F5A2D21F56E0A00F78C52 /* Release */,
			);
			defaultConfigurationIsVisible = 0;
			defaultConfigurationName = Release;
		};
		3B2F5A2E21F56E0A00F78C52 /* Build configuration list for PBXNativeTarget "MonthCalendarTests" */ = {
			isa = XCConfigurationList;
			buildConfigurations = (
				3B2F5A2F21F56E0A00F78C52 /* Debug */,
				3B2F5A3021F56E0A00F78C52 /* Release */,
			);
			defaultConfigurationIsVisible = 0;
			defaultConfigurationName = Release;
		};
		3B2F5A3121F56E0A00F78C52 /* Build configuration list for PBXNativeTarget "MonthCalendarUITests" */ = {
			isa = XCConfigurationList;
			buildConfigurations = (
				3B2F5A3221F56E0A00F78C52 /* Debug */,
				3B2F5A3321F56E0A00F78C52 /* Release */,
			);
			defaultConfigurationIsVisible = 0;
			defaultConfigurationName = Release;
		};
/* End XCConfigurationList section */
	};
	rootObject = 3B2F59FB21F56E0900F78C52 /* Project object */;
}
